
Microsoft Visual Studio Solution File, Format Version 12.00
# Visual Studio 15
VisualStudioVersion = 15.0.26124.0
MinimumVisualStudioVersion = 15.0.26124.0
Project("{FAE04EC0-301F-11D3-BF4B-00C04F79EFBC}") = "NCoreUtils.Authentication.Abstractions", "NCoreUtils.Authentication.Abstractions\NCoreUtils.Authentication.Abstractions.csproj", "{AD25803B-1F23-4626-8E52-25246A09A5DE}"
EndProject
Project("{FAE04EC0-301F-11D3-BF4B-00C04F79EFBC}") = "NCoreUtils.Authentication", "NCoreUtils.Authentication\NCoreUtils.Authentication.csproj", "{7B7BAAE2-1B13-434A-B68B-87A605B586A4}"
EndProject
Project("{FAE04EC0-301F-11D3-BF4B-00C04F79EFBC}") = "NCoreUtils.Authentication.Password.Abstractions", "NCoreUtils.Authentication.Password.Abstractions\NCoreUtils.Authentication.Password.Abstractions.csproj", "{A1C6611E-1E46-4E1C-B002-9F801F2C13A0}"
EndProject
Project("{FAE04EC0-301F-11D3-BF4B-00C04F79EFBC}") = "NCoreUtils.Authentication.Password", "NCoreUtils.Authentication.Password\NCoreUtils.Authentication.Password.csproj", "{09577172-B71F-4A04-A61F-CFAC68ECDDF1}"
EndProject
Project("{FAE04EC0-301F-11D3-BF4B-00C04F79EFBC}") = "NCoreUtils.Authentication.External.Abstractions", "NCoreUtils.Authentication.External.Abstractions\NCoreUtils.Authentication.External.Abstractions.csproj", "{8059E7C6-7289-4910-BAA8-F70528FC41FF}"
EndProject
Project("{FAE04EC0-301F-11D3-BF4B-00C04F79EFBC}") = "NCoreUtils.Authentication.External.OAuth2", "NCoreUtils.Authentication.External.OAuth2\NCoreUtils.Authentication.External.OAuth2.csproj", "{9DC1353D-DFF1-419D-AC22-63BBDC4C11A4}"
EndProject
Project("{FAE04EC0-301F-11D3-BF4B-00C04F79EFBC}") = "NCoreUtils.Authentication.External.Google", "NCoreUtils.Authentication.External.Google\NCoreUtils.Authentication.External.Google.csproj", "{791F49F9-6F9E-4818-8931-FC0AC0666B72}"
EndProject
Project("{FAE04EC0-301F-11D3-BF4B-00C04F79EFBC}") = "NCoreUtils.Authentication.External.OpenId", "NCoreUtils.Authentication.External.OpenId\NCoreUtils.Authentication.External.OpenId.csproj", "{F2D13A28-E816-4213-BE04-F983E4CD2B63}"
EndProject
Project("{FAE04EC0-301F-11D3-BF4B-00C04F79EFBC}") = "NCoreUtils.Authentication.Google", "NCoreUtils.Authentication.Google\NCoreUtils.Authentication.Google.csproj", "{C1886903-F6CE-4435-91F3-B14D2BC0FF69}"
EndProject
Project("{FAE04EC0-301F-11D3-BF4B-00C04F79EFBC}") = "NCoreUtils.Authentication.Linked.Abstractions", "NCoreUtils.Authentication.Linked.Abstractions\NCoreUtils.Authentication.Linked.Abstractions.csproj", "{016CB073-3514-499C-B016-A77540219BA9}"
EndProject
Project("{FAE04EC0-301F-11D3-BF4B-00C04F79EFBC}") = "NCoreUtils.Authentication.Linked", "NCoreUtils.Authentication.Linked\NCoreUtils.Authentication.Linked.csproj", "{A52EAE00-3799-48B6-BA71-BDD104E14E0D}"
EndProject
Project("{FAE04EC0-301F-11D3-BF4B-00C04F79EFBC}") = "NCoreUtils.Authentication.Local.Abstractions", "NCoreUtils.Authentication.Local.Abstractions\NCoreUtils.Authentication.Local.Abstractions.csproj", "{D5F2AB7E-9F88-4C85-B6D2-2DC9CC7D906D}"
EndProject
Project("{FAE04EC0-301F-11D3-BF4B-00C04F79EFBC}") = "NCoreUtils.Authentication.Local", "NCoreUtils.Authentication.Local\NCoreUtils.Authentication.Local.csproj", "{CFCD6FC5-186A-4383-B7EE-D166147788C7}"
EndProject
Project("{FAE04EC0-301F-11D3-BF4B-00C04F79EFBC}") = "NCoreUtils.OAuth2.Data", "NCoreUtils.OAuth2.Data\NCoreUtils.OAuth2.Data.csproj", "{29F92948-D9F8-4B90-B787-2BA447FAC839}"
EndProject
Project("{FAE04EC0-301F-11D3-BF4B-00C04F79EFBC}") = "NCoreUtils.OAuth2.Abstractions", "NCoreUtils.OAuth2.Abstractions\NCoreUtils.OAuth2.Abstractions.csproj", "{CB6547DF-22A6-4AF3-90E9-BB55D4D802FB}"
EndProject
Project("{FAE04EC0-301F-11D3-BF4B-00C04F79EFBC}") = "NCoreUtils.OAuth2.Core", "NCoreUtils.OAuth2.Core\NCoreUtils.OAuth2.Core.csproj", "{B4C7E024-12C0-45FD-B4DE-B18C9D7ACA3A}"
EndProject
Project("{FAE04EC0-301F-11D3-BF4B-00C04F79EFBC}") = "NCoreUtils.OAuth2.WebService", "NCoreUtils.OAuth2.WebService\NCoreUtils.OAuth2.WebService.csproj", "{3F5135FD-34D0-4C81-8671-85432B7F1A14}"
EndProject
Project("{FAE04EC0-301F-11D3-BF4B-00C04F79EFBC}") = "NCoreUtils.OAuth2.Data.EntityFrameworkCore", "NCoreUtils.OAuth2.Data.EntityFrameworkCore\NCoreUtils.OAuth2.Data.EntityFrameworkCore.csproj", "{5B616BD5-B8B7-4E7A-B4AA-9D00C0109B5A}"
EndProject
Project("{FAE04EC0-301F-11D3-BF4B-00C04F79EFBC}") = "NCoreUtils.OAuth2.Encryption.Google", "NCoreUtils.OAuth2.Encryption.Google\NCoreUtils.OAuth2.Encryption.Google.csproj", "{C1CAC902-75E7-4774-83C6-242CCCB0277A}"
EndProject
Project("{FAE04EC0-301F-11D3-BF4B-00C04F79EFBC}") = "NCoreUtils.Authentication.OpenId", "NCoreUtils.Authentication.OpenId\NCoreUtils.Authentication.OpenId.csproj", "{CBBADB4B-3649-485B-90DF-508652164BBF}"
EndProject
Global
	GlobalSection(SolutionConfigurationPlatforms) = preSolution
		Debug|Any CPU = Debug|Any CPU
		Debug|x64 = Debug|x64
		Debug|x86 = Debug|x86
		Release|Any CPU = Release|Any CPU
		Release|x64 = Release|x64
		Release|x86 = Release|x86
	EndGlobalSection
	GlobalSection(SolutionProperties) = preSolution
		HideSolutionNode = FALSE
	EndGlobalSection
	GlobalSection(ProjectConfigurationPlatforms) = postSolution
		{AD25803B-1F23-4626-8E52-25246A09A5DE}.Debug|Any CPU.ActiveCfg = Debug|Any CPU
		{AD25803B-1F23-4626-8E52-25246A09A5DE}.Debug|Any CPU.Build.0 = Debug|Any CPU
		{AD25803B-1F23-4626-8E52-25246A09A5DE}.Debug|x64.ActiveCfg = Debug|x64
		{AD25803B-1F23-4626-8E52-25246A09A5DE}.Debug|x64.Build.0 = Debug|x64
		{AD25803B-1F23-4626-8E52-25246A09A5DE}.Debug|x86.ActiveCfg = Debug|x86
		{AD25803B-1F23-4626-8E52-25246A09A5DE}.Debug|x86.Build.0 = Debug|x86
		{AD25803B-1F23-4626-8E52-25246A09A5DE}.Release|Any CPU.ActiveCfg = Release|Any CPU
		{AD25803B-1F23-4626-8E52-25246A09A5DE}.Release|Any CPU.Build.0 = Release|Any CPU
		{AD25803B-1F23-4626-8E52-25246A09A5DE}.Release|x64.ActiveCfg = Release|x64
		{AD25803B-1F23-4626-8E52-25246A09A5DE}.Release|x64.Build.0 = Release|x64
		{AD25803B-1F23-4626-8E52-25246A09A5DE}.Release|x86.ActiveCfg = Release|x86
		{AD25803B-1F23-4626-8E52-25246A09A5DE}.Release|x86.Build.0 = Release|x86
		{7B7BAAE2-1B13-434A-B68B-87A605B586A4}.Debug|Any CPU.ActiveCfg = Debug|Any CPU
		{7B7BAAE2-1B13-434A-B68B-87A605B586A4}.Debug|Any CPU.Build.0 = Debug|Any CPU
		{7B7BAAE2-1B13-434A-B68B-87A605B586A4}.Debug|x64.ActiveCfg = Debug|x64
		{7B7BAAE2-1B13-434A-B68B-87A605B586A4}.Debug|x64.Build.0 = Debug|x64
		{7B7BAAE2-1B13-434A-B68B-87A605B586A4}.Debug|x86.ActiveCfg = Debug|x86
		{7B7BAAE2-1B13-434A-B68B-87A605B586A4}.Debug|x86.Build.0 = Debug|x86
		{7B7BAAE2-1B13-434A-B68B-87A605B586A4}.Release|Any CPU.ActiveCfg = Release|Any CPU
		{7B7BAAE2-1B13-434A-B68B-87A605B586A4}.Release|Any CPU.Build.0 = Release|Any CPU
		{7B7BAAE2-1B13-434A-B68B-87A605B586A4}.Release|x64.ActiveCfg = Release|x64
		{7B7BAAE2-1B13-434A-B68B-87A605B586A4}.Release|x64.Build.0 = Release|x64
		{7B7BAAE2-1B13-434A-B68B-87A605B586A4}.Release|x86.ActiveCfg = Release|x86
		{7B7BAAE2-1B13-434A-B68B-87A605B586A4}.Release|x86.Build.0 = Release|x86
		{A1C6611E-1E46-4E1C-B002-9F801F2C13A0}.Debug|Any CPU.ActiveCfg = Debug|Any CPU
		{A1C6611E-1E46-4E1C-B002-9F801F2C13A0}.Debug|Any CPU.Build.0 = Debug|Any CPU
		{A1C6611E-1E46-4E1C-B002-9F801F2C13A0}.Debug|x64.ActiveCfg = Debug|x64
		{A1C6611E-1E46-4E1C-B002-9F801F2C13A0}.Debug|x64.Build.0 = Debug|x64
		{A1C6611E-1E46-4E1C-B002-9F801F2C13A0}.Debug|x86.ActiveCfg = Debug|x86
		{A1C6611E-1E46-4E1C-B002-9F801F2C13A0}.Debug|x86.Build.0 = Debug|x86
		{A1C6611E-1E46-4E1C-B002-9F801F2C13A0}.Release|Any CPU.ActiveCfg = Release|Any CPU
		{A1C6611E-1E46-4E1C-B002-9F801F2C13A0}.Release|Any CPU.Build.0 = Release|Any CPU
		{A1C6611E-1E46-4E1C-B002-9F801F2C13A0}.Release|x64.ActiveCfg = Release|x64
		{A1C6611E-1E46-4E1C-B002-9F801F2C13A0}.Release|x64.Build.0 = Release|x64
		{A1C6611E-1E46-4E1C-B002-9F801F2C13A0}.Release|x86.ActiveCfg = Release|x86
		{A1C6611E-1E46-4E1C-B002-9F801F2C13A0}.Release|x86.Build.0 = Release|x86
		{09577172-B71F-4A04-A61F-CFAC68ECDDF1}.Debug|Any CPU.ActiveCfg = Debug|Any CPU
		{09577172-B71F-4A04-A61F-CFAC68ECDDF1}.Debug|Any CPU.Build.0 = Debug|Any CPU
		{09577172-B71F-4A04-A61F-CFAC68ECDDF1}.Debug|x64.ActiveCfg = Debug|x64
		{09577172-B71F-4A04-A61F-CFAC68ECDDF1}.Debug|x64.Build.0 = Debug|x64
		{09577172-B71F-4A04-A61F-CFAC68ECDDF1}.Debug|x86.ActiveCfg = Debug|x86
		{09577172-B71F-4A04-A61F-CFAC68ECDDF1}.Debug|x86.Build.0 = Debug|x86
		{09577172-B71F-4A04-A61F-CFAC68ECDDF1}.Release|Any CPU.ActiveCfg = Release|Any CPU
		{09577172-B71F-4A04-A61F-CFAC68ECDDF1}.Release|Any CPU.Build.0 = Release|Any CPU
		{09577172-B71F-4A04-A61F-CFAC68ECDDF1}.Release|x64.ActiveCfg = Release|x64
		{09577172-B71F-4A04-A61F-CFAC68ECDDF1}.Release|x64.Build.0 = Release|x64
		{09577172-B71F-4A04-A61F-CFAC68ECDDF1}.Release|x86.ActiveCfg = Release|x86
		{09577172-B71F-4A04-A61F-CFAC68ECDDF1}.Release|x86.Build.0 = Release|x86
		{8059E7C6-7289-4910-BAA8-F70528FC41FF}.Debug|Any CPU.ActiveCfg = Debug|Any CPU
		{8059E7C6-7289-4910-BAA8-F70528FC41FF}.Debug|Any CPU.Build.0 = Debug|Any CPU
		{8059E7C6-7289-4910-BAA8-F70528FC41FF}.Debug|x64.ActiveCfg = Debug|x64
		{8059E7C6-7289-4910-BAA8-F70528FC41FF}.Debug|x64.Build.0 = Debug|x64
		{8059E7C6-7289-4910-BAA8-F70528FC41FF}.Debug|x86.ActiveCfg = Debug|x86
		{8059E7C6-7289-4910-BAA8-F70528FC41FF}.Debug|x86.Build.0 = Debug|x86
		{8059E7C6-7289-4910-BAA8-F70528FC41FF}.Release|Any CPU.ActiveCfg = Release|Any CPU
		{8059E7C6-7289-4910-BAA8-F70528FC41FF}.Release|Any CPU.Build.0 = Release|Any CPU
		{8059E7C6-7289-4910-BAA8-F70528FC41FF}.Release|x64.ActiveCfg = Release|x64
		{8059E7C6-7289-4910-BAA8-F70528FC41FF}.Release|x64.Build.0 = Release|x64
		{8059E7C6-7289-4910-BAA8-F70528FC41FF}.Release|x86.ActiveCfg = Release|x86
		{8059E7C6-7289-4910-BAA8-F70528FC41FF}.Release|x86.Build.0 = Release|x86
		{9DC1353D-DFF1-419D-AC22-63BBDC4C11A4}.Debug|Any CPU.ActiveCfg = Debug|Any CPU
		{9DC1353D-DFF1-419D-AC22-63BBDC4C11A4}.Debug|Any CPU.Build.0 = Debug|Any CPU
		{9DC1353D-DFF1-419D-AC22-63BBDC4C11A4}.Debug|x64.ActiveCfg = Debug|x64
		{9DC1353D-DFF1-419D-AC22-63BBDC4C11A4}.Debug|x64.Build.0 = Debug|x64
		{9DC1353D-DFF1-419D-AC22-63BBDC4C11A4}.Debug|x86.ActiveCfg = Debug|x86
		{9DC1353D-DFF1-419D-AC22-63BBDC4C11A4}.Debug|x86.Build.0 = Debug|x86
		{9DC1353D-DFF1-419D-AC22-63BBDC4C11A4}.Release|Any CPU.ActiveCfg = Release|Any CPU
		{9DC1353D-DFF1-419D-AC22-63BBDC4C11A4}.Release|Any CPU.Build.0 = Release|Any CPU
		{9DC1353D-DFF1-419D-AC22-63BBDC4C11A4}.Release|x64.ActiveCfg = Release|x64
		{9DC1353D-DFF1-419D-AC22-63BBDC4C11A4}.Release|x64.Build.0 = Release|x64
		{9DC1353D-DFF1-419D-AC22-63BBDC4C11A4}.Release|x86.ActiveCfg = Release|x86
		{9DC1353D-DFF1-419D-AC22-63BBDC4C11A4}.Release|x86.Build.0 = Release|x86
		{791F49F9-6F9E-4818-8931-FC0AC0666B72}.Debug|Any CPU.ActiveCfg = Debug|Any CPU
		{791F49F9-6F9E-4818-8931-FC0AC0666B72}.Debug|Any CPU.Build.0 = Debug|Any CPU
		{791F49F9-6F9E-4818-8931-FC0AC0666B72}.Debug|x64.ActiveCfg = Debug|x64
		{791F49F9-6F9E-4818-8931-FC0AC0666B72}.Debug|x64.Build.0 = Debug|x64
		{791F49F9-6F9E-4818-8931-FC0AC0666B72}.Debug|x86.ActiveCfg = Debug|x86
		{791F49F9-6F9E-4818-8931-FC0AC0666B72}.Debug|x86.Build.0 = Debug|x86
		{791F49F9-6F9E-4818-8931-FC0AC0666B72}.Release|Any CPU.ActiveCfg = Release|Any CPU
		{791F49F9-6F9E-4818-8931-FC0AC0666B72}.Release|Any CPU.Build.0 = Release|Any CPU
		{791F49F9-6F9E-4818-8931-FC0AC0666B72}.Release|x64.ActiveCfg = Release|x64
		{791F49F9-6F9E-4818-8931-FC0AC0666B72}.Release|x64.Build.0 = Release|x64
		{791F49F9-6F9E-4818-8931-FC0AC0666B72}.Release|x86.ActiveCfg = Release|x86
		{791F49F9-6F9E-4818-8931-FC0AC0666B72}.Release|x86.Build.0 = Release|x86
		{F2D13A28-E816-4213-BE04-F983E4CD2B63}.Debug|Any CPU.ActiveCfg = Debug|Any CPU
		{F2D13A28-E816-4213-BE04-F983E4CD2B63}.Debug|Any CPU.Build.0 = Debug|Any CPU
		{F2D13A28-E816-4213-BE04-F983E4CD2B63}.Debug|x64.ActiveCfg = Debug|x64
		{F2D13A28-E816-4213-BE04-F983E4CD2B63}.Debug|x64.Build.0 = Debug|x64
		{F2D13A28-E816-4213-BE04-F983E4CD2B63}.Debug|x86.ActiveCfg = Debug|x86
		{F2D13A28-E816-4213-BE04-F983E4CD2B63}.Debug|x86.Build.0 = Debug|x86
		{F2D13A28-E816-4213-BE04-F983E4CD2B63}.Release|Any CPU.ActiveCfg = Release|Any CPU
		{F2D13A28-E816-4213-BE04-F983E4CD2B63}.Release|Any CPU.Build.0 = Release|Any CPU
		{F2D13A28-E816-4213-BE04-F983E4CD2B63}.Release|x64.ActiveCfg = Release|x64
		{F2D13A28-E816-4213-BE04-F983E4CD2B63}.Release|x64.Build.0 = Release|x64
		{F2D13A28-E816-4213-BE04-F983E4CD2B63}.Release|x86.ActiveCfg = Release|x86
		{F2D13A28-E816-4213-BE04-F983E4CD2B63}.Release|x86.Build.0 = Release|x86
		{C1886903-F6CE-4435-91F3-B14D2BC0FF69}.Debug|Any CPU.ActiveCfg = Debug|Any CPU
		{C1886903-F6CE-4435-91F3-B14D2BC0FF69}.Debug|Any CPU.Build.0 = Debug|Any CPU
		{C1886903-F6CE-4435-91F3-B14D2BC0FF69}.Debug|x64.ActiveCfg = Debug|x64
		{C1886903-F6CE-4435-91F3-B14D2BC0FF69}.Debug|x64.Build.0 = Debug|x64
		{C1886903-F6CE-4435-91F3-B14D2BC0FF69}.Debug|x86.ActiveCfg = Debug|x86
		{C1886903-F6CE-4435-91F3-B14D2BC0FF69}.Debug|x86.Build.0 = Debug|x86
		{C1886903-F6CE-4435-91F3-B14D2BC0FF69}.Release|Any CPU.ActiveCfg = Release|Any CPU
		{C1886903-F6CE-4435-91F3-B14D2BC0FF69}.Release|Any CPU.Build.0 = Release|Any CPU
		{C1886903-F6CE-4435-91F3-B14D2BC0FF69}.Release|x64.ActiveCfg = Release|x64
		{C1886903-F6CE-4435-91F3-B14D2BC0FF69}.Release|x64.Build.0 = Release|x64
		{C1886903-F6CE-4435-91F3-B14D2BC0FF69}.Release|x86.ActiveCfg = Release|x86
		{C1886903-F6CE-4435-91F3-B14D2BC0FF69}.Release|x86.Build.0 = Release|x86
		{016CB073-3514-499C-B016-A77540219BA9}.Debug|Any CPU.ActiveCfg = Debug|Any CPU
		{016CB073-3514-499C-B016-A77540219BA9}.Debug|Any CPU.Build.0 = Debug|Any CPU
		{016CB073-3514-499C-B016-A77540219BA9}.Debug|x64.ActiveCfg = Debug|x64
		{016CB073-3514-499C-B016-A77540219BA9}.Debug|x64.Build.0 = Debug|x64
		{016CB073-3514-499C-B016-A77540219BA9}.Debug|x86.ActiveCfg = Debug|x86
		{016CB073-3514-499C-B016-A77540219BA9}.Debug|x86.Build.0 = Debug|x86
		{016CB073-3514-499C-B016-A77540219BA9}.Release|Any CPU.ActiveCfg = Release|Any CPU
		{016CB073-3514-499C-B016-A77540219BA9}.Release|Any CPU.Build.0 = Release|Any CPU
		{016CB073-3514-499C-B016-A77540219BA9}.Release|x64.ActiveCfg = Release|x64
		{016CB073-3514-499C-B016-A77540219BA9}.Release|x64.Build.0 = Release|x64
		{016CB073-3514-499C-B016-A77540219BA9}.Release|x86.ActiveCfg = Release|x86
		{016CB073-3514-499C-B016-A77540219BA9}.Release|x86.Build.0 = Release|x86
		{A52EAE00-3799-48B6-BA71-BDD104E14E0D}.Debug|Any CPU.ActiveCfg = Debug|Any CPU
		{A52EAE00-3799-48B6-BA71-BDD104E14E0D}.Debug|Any CPU.Build.0 = Debug|Any CPU
		{A52EAE00-3799-48B6-BA71-BDD104E14E0D}.Debug|x64.ActiveCfg = Debug|x64
		{A52EAE00-3799-48B6-BA71-BDD104E14E0D}.Debug|x64.Build.0 = Debug|x64
		{A52EAE00-3799-48B6-BA71-BDD104E14E0D}.Debug|x86.ActiveCfg = Debug|x86
		{A52EAE00-3799-48B6-BA71-BDD104E14E0D}.Debug|x86.Build.0 = Debug|x86
		{A52EAE00-3799-48B6-BA71-BDD104E14E0D}.Release|Any CPU.ActiveCfg = Release|Any CPU
		{A52EAE00-3799-48B6-BA71-BDD104E14E0D}.Release|Any CPU.Build.0 = Release|Any CPU
		{A52EAE00-3799-48B6-BA71-BDD104E14E0D}.Release|x64.ActiveCfg = Release|x64
		{A52EAE00-3799-48B6-BA71-BDD104E14E0D}.Release|x64.Build.0 = Release|x64
		{A52EAE00-3799-48B6-BA71-BDD104E14E0D}.Release|x86.ActiveCfg = Release|x86
		{A52EAE00-3799-48B6-BA71-BDD104E14E0D}.Release|x86.Build.0 = Release|x86
		{D5F2AB7E-9F88-4C85-B6D2-2DC9CC7D906D}.Debug|Any CPU.ActiveCfg = Debug|Any CPU
		{D5F2AB7E-9F88-4C85-B6D2-2DC9CC7D906D}.Debug|Any CPU.Build.0 = Debug|Any CPU
		{D5F2AB7E-9F88-4C85-B6D2-2DC9CC7D906D}.Debug|x64.ActiveCfg = Debug|x64
		{D5F2AB7E-9F88-4C85-B6D2-2DC9CC7D906D}.Debug|x64.Build.0 = Debug|x64
		{D5F2AB7E-9F88-4C85-B6D2-2DC9CC7D906D}.Debug|x86.ActiveCfg = Debug|x86
		{D5F2AB7E-9F88-4C85-B6D2-2DC9CC7D906D}.Debug|x86.Build.0 = Debug|x86
		{D5F2AB7E-9F88-4C85-B6D2-2DC9CC7D906D}.Release|Any CPU.ActiveCfg = Release|Any CPU
		{D5F2AB7E-9F88-4C85-B6D2-2DC9CC7D906D}.Release|Any CPU.Build.0 = Release|Any CPU
		{D5F2AB7E-9F88-4C85-B6D2-2DC9CC7D906D}.Release|x64.ActiveCfg = Release|x64
		{D5F2AB7E-9F88-4C85-B6D2-2DC9CC7D906D}.Release|x64.Build.0 = Release|x64
		{D5F2AB7E-9F88-4C85-B6D2-2DC9CC7D906D}.Release|x86.ActiveCfg = Release|x86
		{D5F2AB7E-9F88-4C85-B6D2-2DC9CC7D906D}.Release|x86.Build.0 = Release|x86
		{CFCD6FC5-186A-4383-B7EE-D166147788C7}.Debug|Any CPU.ActiveCfg = Debug|Any CPU
		{CFCD6FC5-186A-4383-B7EE-D166147788C7}.Debug|Any CPU.Build.0 = Debug|Any CPU
		{CFCD6FC5-186A-4383-B7EE-D166147788C7}.Debug|x64.ActiveCfg = Debug|x64
		{CFCD6FC5-186A-4383-B7EE-D166147788C7}.Debug|x64.Build.0 = Debug|x64
		{CFCD6FC5-186A-4383-B7EE-D166147788C7}.Debug|x86.ActiveCfg = Debug|x86
		{CFCD6FC5-186A-4383-B7EE-D166147788C7}.Debug|x86.Build.0 = Debug|x86
		{CFCD6FC5-186A-4383-B7EE-D166147788C7}.Release|Any CPU.ActiveCfg = Release|Any CPU
		{CFCD6FC5-186A-4383-B7EE-D166147788C7}.Release|Any CPU.Build.0 = Release|Any CPU
		{CFCD6FC5-186A-4383-B7EE-D166147788C7}.Release|x64.ActiveCfg = Release|x64
		{CFCD6FC5-186A-4383-B7EE-D166147788C7}.Release|x64.Build.0 = Release|x64
		{CFCD6FC5-186A-4383-B7EE-D166147788C7}.Release|x86.ActiveCfg = Release|x86
		{CFCD6FC5-186A-4383-B7EE-D166147788C7}.Release|x86.Build.0 = Release|x86
		{29F92948-D9F8-4B90-B787-2BA447FAC839}.Debug|Any CPU.ActiveCfg = Debug|Any CPU
		{29F92948-D9F8-4B90-B787-2BA447FAC839}.Debug|Any CPU.Build.0 = Debug|Any CPU
		{29F92948-D9F8-4B90-B787-2BA447FAC839}.Debug|x64.ActiveCfg = Debug|x64
		{29F92948-D9F8-4B90-B787-2BA447FAC839}.Debug|x64.Build.0 = Debug|x64
		{29F92948-D9F8-4B90-B787-2BA447FAC839}.Debug|x86.ActiveCfg = Debug|x86
		{29F92948-D9F8-4B90-B787-2BA447FAC839}.Debug|x86.Build.0 = Debug|x86
		{29F92948-D9F8-4B90-B787-2BA447FAC839}.Release|Any CPU.ActiveCfg = Release|Any CPU
		{29F92948-D9F8-4B90-B787-2BA447FAC839}.Release|Any CPU.Build.0 = Release|Any CPU
		{29F92948-D9F8-4B90-B787-2BA447FAC839}.Release|x64.ActiveCfg = Release|x64
		{29F92948-D9F8-4B90-B787-2BA447FAC839}.Release|x64.Build.0 = Release|x64
		{29F92948-D9F8-4B90-B787-2BA447FAC839}.Release|x86.ActiveCfg = Release|x86
		{29F92948-D9F8-4B90-B787-2BA447FAC839}.Release|x86.Build.0 = Release|x86
		{CB6547DF-22A6-4AF3-90E9-BB55D4D802FB}.Debug|Any CPU.ActiveCfg = Debug|Any CPU
		{CB6547DF-22A6-4AF3-90E9-BB55D4D802FB}.Debug|Any CPU.Build.0 = Debug|Any CPU
		{CB6547DF-22A6-4AF3-90E9-BB55D4D802FB}.Debug|x64.ActiveCfg = Debug|x64
		{CB6547DF-22A6-4AF3-90E9-BB55D4D802FB}.Debug|x64.Build.0 = Debug|x64
		{CB6547DF-22A6-4AF3-90E9-BB55D4D802FB}.Debug|x86.ActiveCfg = Debug|x86
		{CB6547DF-22A6-4AF3-90E9-BB55D4D802FB}.Debug|x86.Build.0 = Debug|x86
		{CB6547DF-22A6-4AF3-90E9-BB55D4D802FB}.Release|Any CPU.ActiveCfg = Release|Any CPU
		{CB6547DF-22A6-4AF3-90E9-BB55D4D802FB}.Release|Any CPU.Build.0 = Release|Any CPU
		{CB6547DF-22A6-4AF3-90E9-BB55D4D802FB}.Release|x64.ActiveCfg = Release|x64
		{CB6547DF-22A6-4AF3-90E9-BB55D4D802FB}.Release|x64.Build.0 = Release|x64
		{CB6547DF-22A6-4AF3-90E9-BB55D4D802FB}.Release|x86.ActiveCfg = Release|x86
		{CB6547DF-22A6-4AF3-90E9-BB55D4D802FB}.Release|x86.Build.0 = Release|x86
		{B4C7E024-12C0-45FD-B4DE-B18C9D7ACA3A}.Debug|Any CPU.ActiveCfg = Debug|Any CPU
		{B4C7E024-12C0-45FD-B4DE-B18C9D7ACA3A}.Debug|Any CPU.Build.0 = Debug|Any CPU
		{B4C7E024-12C0-45FD-B4DE-B18C9D7ACA3A}.Debug|x64.ActiveCfg = Debug|x64
		{B4C7E024-12C0-45FD-B4DE-B18C9D7ACA3A}.Debug|x64.Build.0 = Debug|x64
		{B4C7E024-12C0-45FD-B4DE-B18C9D7ACA3A}.Debug|x86.ActiveCfg = Debug|x86
		{B4C7E024-12C0-45FD-B4DE-B18C9D7ACA3A}.Debug|x86.Build.0 = Debug|x86
		{B4C7E024-12C0-45FD-B4DE-B18C9D7ACA3A}.Release|Any CPU.ActiveCfg = Release|Any CPU
		{B4C7E024-12C0-45FD-B4DE-B18C9D7ACA3A}.Release|Any CPU.Build.0 = Release|Any CPU
		{B4C7E024-12C0-45FD-B4DE-B18C9D7ACA3A}.Release|x64.ActiveCfg = Release|x64
		{B4C7E024-12C0-45FD-B4DE-B18C9D7ACA3A}.Release|x64.Build.0 = Release|x64
		{B4C7E024-12C0-45FD-B4DE-B18C9D7ACA3A}.Release|x86.ActiveCfg = Release|x86
		{B4C7E024-12C0-45FD-B4DE-B18C9D7ACA3A}.Release|x86.Build.0 = Release|x86
		{3F5135FD-34D0-4C81-8671-85432B7F1A14}.Debug|Any CPU.ActiveCfg = Debug|Any CPU
		{3F5135FD-34D0-4C81-8671-85432B7F1A14}.Debug|Any CPU.Build.0 = Debug|Any CPU
		{3F5135FD-34D0-4C81-8671-85432B7F1A14}.Debug|x64.ActiveCfg = Debug|x64
		{3F5135FD-34D0-4C81-8671-85432B7F1A14}.Debug|x64.Build.0 = Debug|x64
		{3F5135FD-34D0-4C81-8671-85432B7F1A14}.Debug|x86.ActiveCfg = Debug|x86
		{3F5135FD-34D0-4C81-8671-85432B7F1A14}.Debug|x86.Build.0 = Debug|x86
		{3F5135FD-34D0-4C81-8671-85432B7F1A14}.Release|Any CPU.ActiveCfg = Release|Any CPU
		{3F5135FD-34D0-4C81-8671-85432B7F1A14}.Release|Any CPU.Build.0 = Release|Any CPU
		{3F5135FD-34D0-4C81-8671-85432B7F1A14}.Release|x64.ActiveCfg = Release|x64
		{3F5135FD-34D0-4C81-8671-85432B7F1A14}.Release|x64.Build.0 = Release|x64
		{3F5135FD-34D0-4C81-8671-85432B7F1A14}.Release|x86.ActiveCfg = Release|x86
		{3F5135FD-34D0-4C81-8671-85432B7F1A14}.Release|x86.Build.0 = Release|x86
		{5B616BD5-B8B7-4E7A-B4AA-9D00C0109B5A}.Debug|Any CPU.ActiveCfg = Debug|Any CPU
		{5B616BD5-B8B7-4E7A-B4AA-9D00C0109B5A}.Debug|Any CPU.Build.0 = Debug|Any CPU
		{5B616BD5-B8B7-4E7A-B4AA-9D00C0109B5A}.Debug|x64.ActiveCfg = Debug|x64
		{5B616BD5-B8B7-4E7A-B4AA-9D00C0109B5A}.Debug|x64.Build.0 = Debug|x64
		{5B616BD5-B8B7-4E7A-B4AA-9D00C0109B5A}.Debug|x86.ActiveCfg = Debug|x86
		{5B616BD5-B8B7-4E7A-B4AA-9D00C0109B5A}.Debug|x86.Build.0 = Debug|x86
		{5B616BD5-B8B7-4E7A-B4AA-9D00C0109B5A}.Release|Any CPU.ActiveCfg = Release|Any CPU
		{5B616BD5-B8B7-4E7A-B4AA-9D00C0109B5A}.Release|Any CPU.Build.0 = Release|Any CPU
		{5B616BD5-B8B7-4E7A-B4AA-9D00C0109B5A}.Release|x64.ActiveCfg = Release|x64
		{5B616BD5-B8B7-4E7A-B4AA-9D00C0109B5A}.Release|x64.Build.0 = Release|x64
		{5B616BD5-B8B7-4E7A-B4AA-9D00C0109B5A}.Release|x86.ActiveCfg = Release|x86
		{5B616BD5-B8B7-4E7A-B4AA-9D00C0109B5A}.Release|x86.Build.0 = Release|x86
		{C1CAC902-75E7-4774-83C6-242CCCB0277A}.Debug|Any CPU.ActiveCfg = Debug|Any CPU
		{C1CAC902-75E7-4774-83C6-242CCCB0277A}.Debug|Any CPU.Build.0 = Debug|Any CPU
		{C1CAC902-75E7-4774-83C6-242CCCB0277A}.Debug|x64.ActiveCfg = Debug|x64
		{C1CAC902-75E7-4774-83C6-242CCCB0277A}.Debug|x64.Build.0 = Debug|x64
		{C1CAC902-75E7-4774-83C6-242CCCB0277A}.Debug|x86.ActiveCfg = Debug|x86
		{C1CAC902-75E7-4774-83C6-242CCCB0277A}.Debug|x86.Build.0 = Debug|x86
		{C1CAC902-75E7-4774-83C6-242CCCB0277A}.Release|Any CPU.ActiveCfg = Release|Any CPU
		{C1CAC902-75E7-4774-83C6-242CCCB0277A}.Release|Any CPU.Build.0 = Release|Any CPU
		{C1CAC902-75E7-4774-83C6-242CCCB0277A}.Release|x64.ActiveCfg = Release|x64
		{C1CAC902-75E7-4774-83C6-242CCCB0277A}.Release|x64.Build.0 = Release|x64
		{C1CAC902-75E7-4774-83C6-242CCCB0277A}.Release|x86.ActiveCfg = Release|x86
		{C1CAC902-75E7-4774-83C6-242CCCB0277A}.Release|x86.Build.0 = Release|x86
		{CBBADB4B-3649-485B-90DF-508652164BBF}.Debug|Any CPU.ActiveCfg = Debug|Any CPU
		{CBBADB4B-3649-485B-90DF-508652164BBF}.Debug|Any CPU.Build.0 = Debug|Any CPU
		{CBBADB4B-3649-485B-90DF-508652164BBF}.Debug|x64.ActiveCfg = Debug|x64
		{CBBADB4B-3649-485B-90DF-508652164BBF}.Debug|x64.Build.0 = Debug|x64
		{CBBADB4B-3649-485B-90DF-508652164BBF}.Debug|x86.ActiveCfg = Debug|x86
		{CBBADB4B-3649-485B-90DF-508652164BBF}.Debug|x86.Build.0 = Debug|x86
		{CBBADB4B-3649-485B-90DF-508652164BBF}.Release|Any CPU.ActiveCfg = Release|Any CPU
		{CBBADB4B-3649-485B-90DF-508652164BBF}.Release|Any CPU.Build.0 = Release|Any CPU
		{CBBADB4B-3649-485B-90DF-508652164BBF}.Release|x64.ActiveCfg = Release|x64
		{CBBADB4B-3649-485B-90DF-508652164BBF}.Release|x64.Build.0 = Release|x64
		{CBBADB4B-3649-485B-90DF-508652164BBF}.Release|x86.ActiveCfg = Release|x86
		{CBBADB4B-3649-485B-90DF-508652164BBF}.Release|x86.Build.0 = Release|x86
	EndGlobalSection
EndGlobal
